# THIS IS AN AUTOGENERATED FILE. DO NOT EDIT THIS FILE DIRECTLY.
# yarn lockfile v1


"@types/echarts@^4.9.16":
  version "4.9.16"
  resolved "https://registry.npmmirror.com/@types/echarts/-/echarts-4.9.16.tgz#7156aea4623f3543b083200f6c65e04d3693bcc8"
  integrity sha512-bfiagfPw3dWauAIJ9fgoJQoL4hLWlGcltqwbE6LGye0NIY5xnbZau+mDmadCzGojic3MWuFDCUiO25kl4sRGeA==
  dependencies:
    "@types/zrender" "*"

"@types/zrender@*":
  version "4.0.3"
  resolved "https://registry.npmmirror.com/@types/zrender/-/zrender-4.0.3.tgz#d18b31648b2f11b9ec672a560836e1887a965ec1"
  integrity sha512-EPI269lkHNsObwILJ1k1z7znLjKyePuWRy/XKK0shSGpBb9cIX307arcwJV4+2NeZj5wEjN06r4D8yFv7sI06g==
